# This file is generated by running "yarn install" inside your project.
# Manual changes might be lost - proceed with caution!

__metadata:
  version: 6
  cacheKey: 8

"@smoosee/indeps@npm:1.0.31":
  version: 1.0.31
  resolution: "@smoosee/indeps@npm:1.0.31"
  dependencies:
    commander: ^9.4.1
    dayjs: ^1.11.7
    dotenv: ^16.0.3
    json-schema-defaults: ^0.4.0
    lodash: ^4.17.21
  bin:
    indeps: index.js
  checksum: f458ed87d4d0de41236d3cf9ba52b6995dc1133fc1d111aceb196429ffe99f6aa71b4ac4d3638ece09e5ecc6566ba81b26f8b353856c506200b247631ca6ee49
  languageName: node
  linkType: hard

"argparse@npm:^1.0.9":
  version: 1.0.10
  resolution: "argparse@npm:1.0.10"
  dependencies:
    sprintf-js: ~1.0.2
  checksum: 7ca6e45583a28de7258e39e13d81e925cfa25d7d4aacbf806a382d3c02fcb13403a07fb8aeef949f10a7cfe4a62da0e2e807b348a5980554cc28ee573ef95945
  languageName: node
  linkType: hard

"commander@npm:^9.4.1":
  version: 9.5.0
  resolution: "commander@npm:9.5.0"
  checksum: c7a3e27aa59e913b54a1bafd366b88650bc41d6651f0cbe258d4ff09d43d6a7394232a4dadd0bf518b3e696fdf595db1028a0d82c785b88bd61f8a440cecfade
  languageName: node
  linkType: hard

"dayjs@npm:^1.11.7":
  version: 1.11.7
  resolution: "dayjs@npm:1.11.7"
  checksum: 5003a7c1dd9ed51385beb658231c3548700b82d3548c0cfbe549d85f2d08e90e972510282b7506941452c58d32136d6362f009c77ca55381a09c704e9f177ebb
  languageName: node
  linkType: hard

"dotenv@npm:^16.0.3":
  version: 16.0.3
  resolution: "dotenv@npm:16.0.3"
  checksum: afcf03f373d7a6d62c7e9afea6328e62851d627a4e73f2e12d0a8deae1cd375892004f3021883f8aec85932cd2834b091f568ced92b4774625b321db83b827f8
  languageName: node
  linkType: hard

"json-schema-defaults@npm:^0.4.0":
  version: 0.4.0
  resolution: "json-schema-defaults@npm:0.4.0"
  dependencies:
    argparse: ^1.0.9
  bin:
    json-schema-defaults: bin/defaults.js
  checksum: c658cd0f13b368924b3a2e322f92b3991c61c2f2233adec8fcb5ce5f1163123c5fb666e7c2cef9931dc6eb4f6113c29f96afe67888f927e2263c6d3fd171330e
  languageName: node
  linkType: hard

"lodash@npm:^4.17.21":
  version: 4.17.21
  resolution: "lodash@npm:4.17.21"
  checksum: eb835a2e51d381e561e508ce932ea50a8e5a68f4ebdd771ea240d3048244a8d13658acbd502cd4829768c56f2e16bdd4340b9ea141297d472517b83868e677f7
  languageName: node
  linkType: hard

"root-workspace-0b6124@workspace:.":
  version: 0.0.0-use.local
  resolution: "root-workspace-0b6124@workspace:."
  dependencies:
    "@smoosee/indeps": 1.0.31
  languageName: unknown
  linkType: soft

"sprintf-js@npm:~1.0.2":
  version: 1.0.3
  resolution: "sprintf-js@npm:1.0.3"
  checksum: 19d79aec211f09b99ec3099b5b2ae2f6e9cdefe50bc91ac4c69144b6d3928a640bb6ae5b3def70c2e85a2c3d9f5ec2719921e3a59d3ca3ef4b2fd1a4656a0df3
  languageName: node
  linkType: hard
